
Microsoft Visual Studio Solution File, Format Version 12.00
# Visual Studio Version 17
VisualStudioVersion = 17.9.34622.214
MinimumVisualStudioVersion = 10.0.40219.1
Project("{9A19103F-16F7-4668-BE54-9A1E7A4F7556}") = "ThePoemGame.API", "ThePoemGame\ThePoemGame.API.csproj", "{10B3DE58-B883-4DA9-B06E-F514B5E8B3F7}"
	ProjectSection(ProjectDependencies) = postProject
		{72613A11-7E69-4439-9129-1D9033BD4637} = {72613A11-7E69-4439-9129-1D9033BD4637}
	EndProjectSection
EndProject
Project("{9A19103F-16F7-4668-BE54-9A1E7A4F7556}") = "ThePoemGame.DataAccess", "DataAccess\ThePoemGame.DataAccess.csproj", "{72613A11-7E69-4439-9129-1D9033BD4637}"
	ProjectSection(ProjectDependencies) = postProject
		{E61DFB1C-CC27-4002-BF63-8CDAEA8A703B} = {E61DFB1C-CC27-4002-BF63-8CDAEA8A703B}
	EndProjectSection
EndProject
Project("{9A19103F-16F7-4668-BE54-9A1E7A4F7556}") = "ThePoemGame.BusinessLogic", "ThePoemGame.BusinessLogic\ThePoemGame.BusinessLogic.csproj", "{C4262946-3A1C-4B81-BF4A-5488D17A3A36}"
EndProject
Project("{9A19103F-16F7-4668-BE54-9A1E7A4F7556}") = "ThePoemGame.Common", "ThePoemGame.Common\ThePoemGame.Common.csproj", "{E61DFB1C-CC27-4002-BF63-8CDAEA8A703B}"
EndProject
Global
	GlobalSection(SolutionConfigurationPlatforms) = preSolution
		Debug|Any CPU = Debug|Any CPU
		Release|Any CPU = Release|Any CPU
	EndGlobalSection
	GlobalSection(ProjectConfigurationPlatforms) = postSolution
		{10B3DE58-B883-4DA9-B06E-F514B5E8B3F7}.Debug|Any CPU.ActiveCfg = Debug|Any CPU
		{10B3DE58-B883-4DA9-B06E-F514B5E8B3F7}.Debug|Any CPU.Build.0 = Debug|Any CPU
		{10B3DE58-B883-4DA9-B06E-F514B5E8B3F7}.Release|Any CPU.ActiveCfg = Release|Any CPU
		{10B3DE58-B883-4DA9-B06E-F514B5E8B3F7}.Release|Any CPU.Build.0 = Release|Any CPU
		{72613A11-7E69-4439-9129-1D9033BD4637}.Debug|Any CPU.ActiveCfg = Debug|Any CPU
		{72613A11-7E69-4439-9129-1D9033BD4637}.Debug|Any CPU.Build.0 = Debug|Any CPU
		{72613A11-7E69-4439-9129-1D9033BD4637}.Release|Any CPU.ActiveCfg = Release|Any CPU
		{72613A11-7E69-4439-9129-1D9033BD4637}.Release|Any CPU.Build.0 = Release|Any CPU
		{C4262946-3A1C-4B81-BF4A-5488D17A3A36}.Debug|Any CPU.ActiveCfg = Debug|Any CPU
		{C4262946-3A1C-4B81-BF4A-5488D17A3A36}.Debug|Any CPU.Build.0 = Debug|Any CPU
		{C4262946-3A1C-4B81-BF4A-5488D17A3A36}.Release|Any CPU.ActiveCfg = Release|Any CPU
		{C4262946-3A1C-4B81-BF4A-5488D17A3A36}.Release|Any CPU.Build.0 = Release|Any CPU
		{E61DFB1C-CC27-4002-BF63-8CDAEA8A703B}.Debug|Any CPU.ActiveCfg = Debug|Any CPU
		{E61DFB1C-CC27-4002-BF63-8CDAEA8A703B}.Debug|Any CPU.Build.0 = Debug|Any CPU
		{E61DFB1C-CC27-4002-BF63-8CDAEA8A703B}.Release|Any CPU.ActiveCfg = Release|Any CPU
		{E61DFB1C-CC27-4002-BF63-8CDAEA8A703B}.Release|Any CPU.Build.0 = Release|Any CPU
	EndGlobalSection
	GlobalSection(SolutionProperties) = preSolution
		HideSolutionNode = FALSE
	EndGlobalSection
	GlobalSection(ExtensibilityGlobals) = postSolution
		SolutionGuid = {63D80C9D-5704-4A4F-8D85-1BD6DA97D25A}
	EndGlobalSection
EndGlobal
